// !$*UTF8*$!
{
	archiveVersion = 1;
	classes = {
	};
	objectVersion = 56;
	objects = {

/* Begin PBXBuildFile section */
		0DCBE0D0F77FB7170CAAC493 /* Pods_RegionApp.framework in Frameworks */ = {isa = PBXBuildFile; fileRef = 61130ED3D3E2055FA4A30CB7 /* Pods_RegionApp.framework */; };
		825C706E2A93BF6B00F17A7C /* AppDelegate.swift in Sources */ = {isa = PBXBuildFile; fileRef = 825C706D2A93BF6B00F17A7C /* AppDelegate.swift */; };
		825C70702A93BF6B00F17A7C /* SceneDelegate.swift in Sources */ = {isa = PBXBuildFile; fileRef = 825C706F2A93BF6B00F17A7C /* SceneDelegate.swift */; };
		825C70772A93BF6E00F17A7C /* Assets.xcassets in Resources */ = {isa = PBXBuildFile; fileRef = 825C70762A93BF6E00F17A7C /* Assets.xcassets */; };
		825C707A2A93BF6E00F17A7C /* LaunchScreen.storyboard in Resources */ = {isa = PBXBuildFile; fileRef = 825C70782A93BF6E00F17A7C /* LaunchScreen.storyboard */; };
		825C70862A93C33D00F17A7C /* APIService.swift in Sources */ = {isa = PBXBuildFile; fileRef = 825C70852A93C33D00F17A7C /* APIService.swift */; };
		825C708A2A93C4B200F17A7C /* RegionsViewController.swift in Sources */ = {isa = PBXBuildFile; fileRef = 825C70892A93C4B200F17A7C /* RegionsViewController.swift */; };
		825C708C2A93C4C600F17A7C /* RegionsViewModel.swift in Sources */ = {isa = PBXBuildFile; fileRef = 825C708B2A93C4C600F17A7C /* RegionsViewModel.swift */; };
		825C708E2A93C4D100F17A7C /* RegionsModel.swift in Sources */ = {isa = PBXBuildFile; fileRef = 825C708D2A93C4D100F17A7C /* RegionsModel.swift */; };
		825C70902A93E15000F17A7C /* RegionsTableViewCell.swift in Sources */ = {isa = PBXBuildFile; fileRef = 825C708F2A93E15000F17A7C /* RegionsTableViewCell.swift */; };
		825C70922A94239C00F17A7C /* Extentions.swift in Sources */ = {isa = PBXBuildFile; fileRef = 825C70912A94239C00F17A7C /* Extentions.swift */; };
		825C70942A94FBC000F17A7C /* DetailRegionsViewController.swift in Sources */ = {isa = PBXBuildFile; fileRef = 825C70932A94FBC000F17A7C /* DetailRegionsViewController.swift */; };
		825C70962A955EFF00F17A7C /* DetailRegionsViewModel.swift in Sources */ = {isa = PBXBuildFile; fileRef = 825C70952A955EFF00F17A7C /* DetailRegionsViewModel.swift */; };
		825C709A2A96198E00F17A7C /* CarouselCollectionView.swift in Sources */ = {isa = PBXBuildFile; fileRef = 825C70992A96198E00F17A7C /* CarouselCollectionView.swift */; };
		825C709C2A9621BA00F17A7C /* CarouselCollectionViewCell.swift in Sources */ = {isa = PBXBuildFile; fileRef = 825C709B2A9621BA00F17A7C /* CarouselCollectionViewCell.swift */; };
		82F327B72A9783C400A2A225 /* FullImageViewController.swift in Sources */ = {isa = PBXBuildFile; fileRef = 82F327B62A9783C400A2A225 /* FullImageViewController.swift */; };
/* End PBXBuildFile section */

/* Begin PBXFileReference section */
		198D4DD54B8310BC8A3CC0C9 /* Pods-RegionApp.debug.xcconfig */ = {isa = PBXFileReference; includeInIndex = 1; lastKnownFileType = text.xcconfig; name = "Pods-RegionApp.debug.xcconfig"; path = "Target Support Files/Pods-RegionApp/Pods-RegionApp.debug.xcconfig"; sourceTree = "<group>"; };
		61130ED3D3E2055FA4A30CB7 /* Pods_RegionApp.framework */ = {isa = PBXFileReference; explicitFileType = wrapper.framework; includeInIndex = 0; path = Pods_RegionApp.framework; sourceTree = BUILT_PRODUCTS_DIR; };
		825C706A2A93BF6B00F17A7C /* RegionApp.app */ = {isa = PBXFileReference; explicitFileType = wrapper.application; includeInIndex = 0; path = RegionApp.app; sourceTree = BUILT_PRODUCTS_DIR; };
		825C706D2A93BF6B00F17A7C /* AppDelegate.swift */ = {isa = PBXFileReference; lastKnownFileType = sourcecode.swift; path = AppDelegate.swift; sourceTree = "<group>"; };
		825C706F2A93BF6B00F17A7C /* SceneDelegate.swift */ = {isa = PBXFileReference; lastKnownFileType = sourcecode.swift; path = SceneDelegate.swift; sourceTree = "<group>"; };
		825C70762A93BF6E00F17A7C /* Assets.xcassets */ = {isa = PBXFileReference; lastKnownFileType = folder.assetcatalog; path = Assets.xcassets; sourceTree = "<group>"; };
		825C70792A93BF6E00F17A7C /* Base */ = {isa = PBXFileReference; lastKnownFileType = file.storyboard; name = Base; path = Base.lproj/LaunchScreen.storyboard; sourceTree = "<group>"; };
		825C707B2A93BF6E00F17A7C /* Info.plist */ = {isa = PBXFileReference; lastKnownFileType = text.plist.xml; path = Info.plist; sourceTree = "<group>"; };
		825C70852A93C33D00F17A7C /* APIService.swift */ = {isa = PBXFileReference; lastKnownFileType = sourcecode.swift; path = APIService.swift; sourceTree = "<group>"; };
		825C70892A93C4B200F17A7C /* RegionsViewController.swift */ = {isa = PBXFileReference; lastKnownFileType = sourcecode.swift; path = RegionsViewController.swift; sourceTree = "<group>"; };
		825C708B2A93C4C600F17A7C /* RegionsViewModel.swift */ = {isa = PBXFileReference; lastKnownFileType = sourcecode.swift; path = RegionsViewModel.swift; sourceTree = "<group>"; };
		825C708D2A93C4D100F17A7C /* RegionsModel.swift */ = {isa = PBXFileReference; lastKnownFileType = sourcecode.swift; path = RegionsModel.swift; sourceTree = "<group>"; };
		825C708F2A93E15000F17A7C /* RegionsTableViewCell.swift */ = {isa = PBXFileReference; lastKnownFileType = sourcecode.swift; path = RegionsTableViewCell.swift; sourceTree = "<group>"; };
		825C70912A94239C00F17A7C /* Extentions.swift */ = {isa = PBXFileReference; lastKnownFileType = sourcecode.swift; path = Extentions.swift; sourceTree = "<group>"; };
		825C70932A94FBC000F17A7C /* DetailRegionsViewController.swift */ = {isa = PBXFileReference; lastKnownFileType = sourcecode.swift; path = DetailRegionsViewController.swift; sourceTree = "<group>"; };
		825C70952A955EFF00F17A7C /* DetailRegionsViewModel.swift */ = {isa = PBXFileReference; lastKnownFileType = sourcecode.swift; path = DetailRegionsViewModel.swift; sourceTree = "<group>"; };
		825C70992A96198E00F17A7C /* CarouselCollectionView.swift */ = {isa = PBXFileReference; lastKnownFileType = sourcecode.swift; path = CarouselCollectionView.swift; sourceTree = "<group>"; };
		825C709B2A9621BA00F17A7C /* CarouselCollectionViewCell.swift */ = {isa = PBXFileReference; lastKnownFileType = sourcecode.swift; path = CarouselCollectionViewCell.swift; sourceTree = "<group>"; };
		82F327B62A9783C400A2A225 /* FullImageViewController.swift */ = {isa = PBXFileReference; lastKnownFileType = sourcecode.swift; path = FullImageViewController.swift; sourceTree = "<group>"; };
		D655BEB7F4599276B6256B15 /* Pods-RegionApp.release.xcconfig */ = {isa = PBXFileReference; includeInIndex = 1; lastKnownFileType = text.xcconfig; name = "Pods-RegionApp.release.xcconfig"; path = "Target Support Files/Pods-RegionApp/Pods-RegionApp.release.xcconfig"; sourceTree = "<group>"; };
/* End PBXFileReference section */

/* Begin PBXFrameworksBuildPhase section */
		825C70672A93BF6B00F17A7C /* Frameworks */ = {
			isa = PBXFrameworksBuildPhase;
			buildActionMask = 2147483647;
			files = (
				0DCBE0D0F77FB7170CAAC493 /* Pods_RegionApp.framework in Frameworks */,
			);
			runOnlyForDeploymentPostprocessing = 0;
		};
/* End PBXFrameworksBuildPhase section */

/* Begin PBXGroup section */
		2C05AB9A43FA22D1ECA645BD /* Frameworks */ = {
			isa = PBXGroup;
			children = (
				61130ED3D3E2055FA4A30CB7 /* Pods_RegionApp.framework */,
			);
			name = Frameworks;
			sourceTree = "<group>";
		};
		4F727F89E91DD41BD82F8C6F /* Pods */ = {
			isa = PBXGroup;
			children = (
				198D4DD54B8310BC8A3CC0C9 /* Pods-RegionApp.debug.xcconfig */,
				D655BEB7F4599276B6256B15 /* Pods-RegionApp.release.xcconfig */,
			);
			path = Pods;
			sourceTree = "<group>";
		};
		825C70612A93BF6B00F17A7C = {
			isa = PBXGroup;
			children = (
				825C706C2A93BF6B00F17A7C /* RegionApp */,
				825C706B2A93BF6B00F17A7C /* Products */,
				4F727F89E91DD41BD82F8C6F /* Pods */,
				2C05AB9A43FA22D1ECA645BD /* Frameworks */,
			);
			sourceTree = "<group>";
		};
		825C706B2A93BF6B00F17A7C /* Products */ = {
			isa = PBXGroup;
			children = (
				825C706A2A93BF6B00F17A7C /* RegionApp.app */,
			);
			name = Products;
			sourceTree = "<group>";
		};
		825C706C2A93BF6B00F17A7C /* RegionApp */ = {
			isa = PBXGroup;
			children = (
				825C70842A93C12600F17A7C /* Services */,
				825C70832A93C11900F17A7C /* Models */,
				825C70822A93C11000F17A7C /* Views */,
				825C70812A93C0F200F17A7C /* ViewModels */,
				825C706D2A93BF6B00F17A7C /* AppDelegate.swift */,
				825C706F2A93BF6B00F17A7C /* SceneDelegate.swift */,
				825C70762A93BF6E00F17A7C /* Assets.xcassets */,
				825C70782A93BF6E00F17A7C /* LaunchScreen.storyboard */,
				825C707B2A93BF6E00F17A7C /* Info.plist */,
				825C70912A94239C00F17A7C /* Extentions.swift */,
			);
			path = RegionApp;
			sourceTree = "<group>";
		};
		825C70812A93C0F200F17A7C /* ViewModels */ = {
			isa = PBXGroup;
			children = (
				825C70952A955EFF00F17A7C /* DetailRegionsViewModel.swift */,
				825C708B2A93C4C600F17A7C /* RegionsViewModel.swift */,
			);
			path = ViewModels;
			sourceTree = "<group>";
		};
		825C70822A93C11000F17A7C /* Views */ = {
			isa = PBXGroup;
			children = (
				825C70892A93C4B200F17A7C /* RegionsViewController.swift */,
				825C708F2A93E15000F17A7C /* RegionsTableViewCell.swift */,
				825C70932A94FBC000F17A7C /* DetailRegionsViewController.swift */,
				825C70992A96198E00F17A7C /* CarouselCollectionView.swift */,
				825C709B2A9621BA00F17A7C /* CarouselCollectionViewCell.swift */,
				82F327B62A9783C400A2A225 /* FullImageViewController.swift */,
			);
			path = Views;
			sourceTree = "<group>";
		};
		825C70832A93C11900F17A7C /* Models */ = {
			isa = PBXGroup;
			children = (
				825C708D2A93C4D100F17A7C /* RegionsModel.swift */,
			);
			path = Models;
			sourceTree = "<group>";
		};
		825C70842A93C12600F17A7C /* Services */ = {
			isa = PBXGroup;
			children = (
				825C70852A93C33D00F17A7C /* APIService.swift */,
			);
			path = Services;
			sourceTree = "<group>";
		};
/* End PBXGroup section */

/* Begin PBXNativeTarget section */
		825C70692A93BF6B00F17A7C /* RegionApp */ = {
			isa = PBXNativeTarget;
			buildConfigurationList = 825C707E2A93BF6E00F17A7C /* Build configuration list for PBXNativeTarget "RegionApp" */;
			buildPhases = (
				743BA774387EC04A524A3FB5 /* [CP] Check Pods Manifest.lock */,
				825C70662A93BF6B00F17A7C /* Sources */,
				825C70672A93BF6B00F17A7C /* Frameworks */,
				825C70682A93BF6B00F17A7C /* Resources */,
				296E56B3C82C9975F5D9E0E5 /* [CP] Embed Pods Frameworks */,
			);
			buildRules = (
			);
			dependencies = (
			);
			name = RegionApp;
			productName = RegionApp;
			productReference = 825C706A2A93BF6B00F17A7C /* RegionApp.app */;
			productType = "com.apple.product-type.application";
		};
/* End PBXNativeTarget section */

/* Begin PBXProject section */
		825C70622A93BF6B00F17A7C /* Project object */ = {
			isa = PBXProject;
			attributes = {
				BuildIndependentTargetsInParallel = 1;
				LastSwiftUpdateCheck = 1430;
				LastUpgradeCheck = 1430;
				TargetAttributes = {
					825C70692A93BF6B00F17A7C = {
						CreatedOnToolsVersion = 14.3.1;
					};
				};
			};
			buildConfigurationList = 825C70652A93BF6B00F17A7C /* Build configuration list for PBXProject "RegionApp" */;
			compatibilityVersion = "Xcode 14.0";
			developmentRegion = en;
			hasScannedForEncodings = 0;
			knownRegions = (
				en,
				Base,
			);
			mainGroup = 825C70612A93BF6B00F17A7C;
			productRefGroup = 825C706B2A93BF6B00F17A7C /* Products */;
			projectDirPath = "";
			projectRoot = "";
			targets = (
				825C70692A93BF6B00F17A7C /* RegionApp */,
			);
		};
/* End PBXProject section */

/* Begin PBXResourcesBuildPhase section */
		825C70682A93BF6B00F17A7C /* Resources */ = {
			isa = PBXResourcesBuildPhase;
			buildActionMask = 2147483647;
			files = (
				825C707A2A93BF6E00F17A7C /* LaunchScreen.storyboard in Resources */,
				825C70772A93BF6E00F17A7C /* Assets.xcassets in Resources */,
			);
			runOnlyForDeploymentPostprocessing = 0;
		};
/* End PBXResourcesBuildPhase section */

/* Begin PBXShellScriptBuildPhase section */
		296E56B3C82C9975F5D9E0E5 /* [CP] Embed Pods Frameworks */ = {
			isa = PBXShellScriptBuildPhase;
			buildActionMask = 2147483647;
			files = (
			);
			inputFileListPaths = (
				"${PODS_ROOT}/Target Support Files/Pods-RegionApp/Pods-RegionApp-frameworks-${CONFIGURATION}-input-files.xcfilelist",
			);
			name = "[CP] Embed Pods Frameworks";
			outputFileListPaths = (
				"${PODS_ROOT}/Target Support Files/Pods-RegionApp/Pods-RegionApp-frameworks-${CONFIGURATION}-output-files.xcfilelist",
			);
			runOnlyForDeploymentPostprocessing = 0;
			shellPath = /bin/sh;
			shellScript = "\"${PODS_ROOT}/Target Support Files/Pods-RegionApp/Pods-RegionApp-frameworks.sh\"\n";
			showEnvVarsInLog = 0;
		};
		743BA774387EC04A524A3FB5 /* [CP] Check Pods Manifest.lock */ = {
			isa = PBXShellScriptBuildPhase;
			buildActionMask = 2147483647;
			files = (
			);
			inputFileListPaths = (
			);
			inputPaths = (
				"${PODS_PODFILE_DIR_PATH}/Podfile.lock",
				"${PODS_ROOT}/Manifest.lock",
			);
			name = "[CP] Check Pods Manifest.lock";
			outputFileListPaths = (
			);
			outputPaths = (
				"$(DERIVED_FILE_DIR)/Pods-RegionApp-checkManifestLockResult.txt",
			);
			runOnlyForDeploymentPostprocessing = 0;
			shellPath = /bin/sh;
			shellScript = "diff \"${PODS_PODFILE_DIR_PATH}/Podfile.lock\" \"${PODS_ROOT}/Manifest.lock\" > /dev/null\nif [ $? != 0 ] ; then\n    # print error to STDERR\n    echo \"error: The sandbox is not in sync with the Podfile.lock. Run 'pod install' or update your CocoaPods installation.\" >&2\n    exit 1\nfi\n# This output is used by Xcode 'outputs' to avoid re-running this script phase.\necho \"SUCCESS\" > \"${SCRIPT_OUTPUT_FILE_0}\"\n";
			showEnvVarsInLog = 0;
		};
/* End PBXShellScriptBuildPhase section */

/* Begin PBXSourcesBuildPhase section */
		825C70662A93BF6B00F17A7C /* Sources */ = {
			isa = PBXSourcesBuildPhase;
			buildActionMask = 2147483647;
			files = (
				825C709A2A96198E00F17A7C /* CarouselCollectionView.swift in Sources */,
				825C706E2A93BF6B00F17A7C /* AppDelegate.swift in Sources */,
				825C70962A955EFF00F17A7C /* DetailRegionsViewModel.swift in Sources */,
				825C70862A93C33D00F17A7C /* APIService.swift in Sources */,
				825C708C2A93C4C600F17A7C /* RegionsViewModel.swift in Sources */,
				825C709C2A9621BA00F17A7C /* CarouselCollectionViewCell.swift in Sources */,
				825C70942A94FBC000F17A7C /* DetailRegionsViewController.swift in Sources */,
				825C70702A93BF6B00F17A7C /* SceneDelegate.swift in Sources */,
				82F327B72A9783C400A2A225 /* FullImageViewController.swift in Sources */,
				825C708E2A93C4D100F17A7C /* RegionsModel.swift in Sources */,
				825C708A2A93C4B200F17A7C /* RegionsViewController.swift in Sources */,
				825C70902A93E15000F17A7C /* RegionsTableViewCell.swift in Sources */,
				825C70922A94239C00F17A7C /* Extentions.swift in Sources */,
			);
			runOnlyForDeploymentPostprocessing = 0;
		};
/* End PBXSourcesBuildPhase section */

/* Begin PBXVariantGroup section */
		825C70782A93BF6E00F17A7C /* LaunchScreen.storyboard */ = {
			isa = PBXVariantGroup;
			children = (
				825C70792A93BF6E00F17A7C /* Base */,
			);
			name = LaunchScreen.storyboard;
			sourceTree = "<group>";
		};
/* End PBXVariantGroup section */

/* Begin XCBuildConfiguration section */
		825C707C2A93BF6E00F17A7C /* Debug */ = {
			isa = XCBuildConfiguration;
			buildSettings = {
				ALWAYS_SEARCH_USER_PATHS = NO;
				CLANG_ANALYZER_NONNULL = YES;
				CLANG_ANALYZER_NUMBER_OBJECT_CONVERSION = YES_AGGRESSIVE;
				CLANG_CXX_LANGUAGE_STANDARD = "gnu++20";
				CLANG_ENABLE_MODULES = YES;
				CLANG_ENABLE_OBJC_ARC = YES;
				CLANG_ENABLE_OBJC_WEAK = YES;
				CLANG_WARN_BLOCK_CAPTURE_AUTORELEASING = YES;
				CLANG_WARN_BOOL_CONVERSION = YES;
				CLANG_WARN_COMMA = YES;
				CLANG_WARN_CONSTANT_CONVERSION = YES;
				CLANG_WARN_DEPRECATED_OBJC_IMPLEMENTATIONS = YES;
				CLANG_WARN_DIRECT_OBJC_ISA_USAGE = YES_ERROR;
				CLANG_WARN_DOCUMENTATION_COMMENTS = YES;
				CLANG_WARN_EMPTY_BODY = YES;
				CLANG_WARN_ENUM_CONVERSION = YES;
				CLANG_WARN_INFINITE_RECURSION = YES;
				CLANG_WARN_INT_CONVERSION = YES;
				CLANG_WARN_NON_LITERAL_NULL_CONVERSION = YES;
				CLANG_WARN_OBJC_IMPLICIT_RETAIN_SELF = YES;
				CLANG_WARN_OBJC_LITERAL_CONVERSION = YES;
				CLANG_WARN_OBJC_ROOT_CLASS = YES_ERROR;
				CLANG_WARN_QUOTED_INCLUDE_IN_FRAMEWORK_HEADER = YES;
				CLANG_WARN_RANGE_LOOP_ANALYSIS = YES;
				CLANG_WARN_STRICT_PROTOTYPES = YES;
				CLANG_WARN_SUSPICIOUS_MOVE = YES;
				CLANG_WARN_UNGUARDED_AVAILABILITY = YES_AGGRESSIVE;
				CLANG_WARN_UNREACHABLE_CODE = YES;
				CLANG_WARN__DUPLICATE_METHOD_MATCH = YES;
				COPY_PHASE_STRIP = NO;
				DEBUG_INFORMATION_FORMAT = dwarf;
				ENABLE_STRICT_OBJC_MSGSEND = YES;
				ENABLE_TESTABILITY = YES;
				GCC_C_LANGUAGE_STANDARD = gnu11;
				GCC_DYNAMIC_NO_PIC = NO;
				GCC_NO_COMMON_BLOCKS = YES;
				GCC_OPTIMIZATION_LEVEL = 0;
				GCC_PREPROCESSOR_DEFINITIONS = (
					"DEBUG=1",
					"$(inherited)",
				);
				GCC_WARN_64_TO_32_BIT_CONVERSION = YES;
				GCC_WARN_ABOUT_RETURN_TYPE = YES_ERROR;
				GCC_WARN_UNDECLARED_SELECTOR = YES;
				GCC_WARN_UNINITIALIZED_AUTOS = YES_AGGRESSIVE;
				GCC_WARN_UNUSED_FUNCTION = YES;
				GCC_WARN_UNUSED_VARIABLE = YES;
				IPHONEOS_DEPLOYMENT_TARGET = 16.4;
				MTL_ENABLE_DEBUG_INFO = INCLUDE_SOURCE;
				MTL_FAST_MATH = YES;
				ONLY_ACTIVE_ARCH = YES;
				SDKROOT = iphoneos;
				SWIFT_ACTIVE_COMPILATION_CONDITIONS = DEBUG;
				SWIFT_OPTIMIZATION_LEVEL = "-Onone";
			};
			name = Debug;
		};
		825C707D2A93BF6E00F17A7C /* Release */ = {
			isa = XCBuildConfiguration;
			buildSettings = {
				ALWAYS_SEARCH_USER_PATHS = NO;
				CLANG_ANALYZER_NONNULL = YES;
				CLANG_ANALYZER_NUMBER_OBJECT_CONVERSION = YES_AGGRESSIVE;
				CLANG_CXX_LANGUAGE_STANDARD = "gnu++20";
				CLANG_ENABLE_MODULES = YES;
				CLANG_ENABLE_OBJC_ARC = YES;
				CLANG_ENABLE_OBJC_WEAK = YES;
				CLANG_WARN_BLOCK_CAPTURE_AUTORELEASING = YES;
				CLANG_WARN_BOOL_CONVERSION = YES;
				CLANG_WARN_COMMA = YES;
				CLANG_WARN_CONSTANT_CONVERSION = YES;
				CLANG_WARN_DEPRECATED_OBJC_IMPLEMENTATIONS = YES;
				CLANG_WARN_DIRECT_OBJC_ISA_USAGE = YES_ERROR;
				CLANG_WARN_DOCUMENTATION_COMMENTS = YES;
				CLANG_WARN_EMPTY_BODY = YES;
				CLANG_WARN_ENUM_CONVERSION = YES;
				CLANG_WARN_INFINITE_RECURSION = YES;
				CLANG_WARN_INT_CONVERSION = YES;
				CLANG_WARN_NON_LITERAL_NULL_CONVERSION = YES;
				CLANG_WARN_OBJC_IMPLICIT_RETAIN_SELF = YES;
				CLANG_WARN_OBJC_LITERAL_CONVERSION = YES;
				CLANG_WARN_OBJC_ROOT_CLASS = YES_ERROR;
				CLANG_WARN_QUOTED_INCLUDE_IN_FRAMEWORK_HEADER = YES;
				CLANG_WARN_RANGE_LOOP_ANALYSIS = YES;
				CLANG_WARN_STRICT_PROTOTYPES = YES;
				CLANG_WARN_SUSPICIOUS_MOVE = YES;
				CLANG_WARN_UNGUARDED_AVAILABILITY = YES_AGGRESSIVE;
				CLANG_WARN_UNREACHABLE_CODE = YES;
				CLANG_WARN__DUPLICATE_METHOD_MATCH = YES;
				COPY_PHASE_STRIP = NO;
				DEBUG_INFORMATION_FORMAT = "dwarf-with-dsym";
				ENABLE_NS_ASSERTIONS = NO;
				ENABLE_STRICT_OBJC_MSGSEND = YES;
				GCC_C_LANGUAGE_STANDARD = gnu11;
				GCC_NO_COMMON_BLOCKS = YES;
				GCC_WARN_64_TO_32_BIT_CONVERSION = YES;
				GCC_WARN_ABOUT_RETURN_TYPE = YES_ERROR;
				GCC_WARN_UNDECLARED_SELECTOR = YES;
				GCC_WARN_UNINITIALIZED_AUTOS = YES_AGGRESSIVE;
				GCC_WARN_UNUSED_FUNCTION = YES;
				GCC_WARN_UNUSED_VARIABLE = YES;
				IPHONEOS_DEPLOYMENT_TARGET = 16.4;
				MTL_ENABLE_DEBUG_INFO = NO;
				MTL_FAST_MATH = YES;
				SDKROOT = iphoneos;
				SWIFT_COMPILATION_MODE = wholemodule;
				SWIFT_OPTIMIZATION_LEVEL = "-O";
				VALIDATE_PRODUCT = YES;
			};
			name = Release;
		};
		825C707F2A93BF6E00F17A7C /* Debug */ = {
			isa = XCBuildConfiguration;
			baseConfigurationReference = 198D4DD54B8310BC8A3CC0C9 /* Pods-RegionApp.debug.xcconfig */;
			buildSettings = {
				ASSETCATALOG_COMPILER_APPICON_NAME = AppIcon;
				ASSETCATALOG_COMPILER_GLOBAL_ACCENT_COLOR_NAME = AccentColor;
				CODE_SIGN_STYLE = Automatic;
				CURRENT_PROJECT_VERSION = 1;
				DEVELOPMENT_TEAM = 5Q6N538F59;
				GENERATE_INFOPLIST_FILE = YES;
				INFOPLIST_FILE = RegionApp/Info.plist;
				INFOPLIST_KEY_UIApplicationSupportsIndirectInputEvents = YES;
				INFOPLIST_KEY_UILaunchStoryboardName = LaunchScreen;
				INFOPLIST_KEY_UISupportedInterfaceOrientations = UIInterfaceOrientationPortrait;
				INFOPLIST_KEY_UISupportedInterfaceOrientations_iPad = "UIInterfaceOrientationLandscapeLeft UIInterfaceOrientationLandscapeRight UIInterfaceOrientationPortrait UIInterfaceOrientationPortraitUpsideDown";
				IPHONEOS_DEPLOYMENT_TARGET = 15.0;
				LD_RUNPATH_SEARCH_PATHS = (
					"$(inherited)",
					"@executable_path/Frameworks",
				);
				MARKETING_VERSION = 1.0;
				PRODUCT_BUNDLE_IDENTIFIER = nikita.RegionApp;
				PRODUCT_NAME = "$(TARGET_NAME)";
				SWIFT_EMIT_LOC_STRINGS = YES;
				SWIFT_VERSION = 5.0;
				TARGETED_DEVICE_FAMILY = "1,2";
			};
			name = Debug;
		};
		825C70802A93BF6E00F17A7C /* Release */ = {
			isa = XCBuildConfiguration;
			baseConfigurationReference = D655BEB7F4599276B6256B15 /* Pods-RegionApp.release.xcconfig */;
			buildSettings = {
				ASSETCATALOG_COMPILER_APPICON_NAME = AppIcon;
				ASSETCATALOG_COMPILER_GLOBAL_ACCENT_COLOR_NAME = AccentColor;
				CODE_SIGN_STYLE = Automatic;
				CURRENT_PROJECT_VERSION = 1;
				DEVELOPMENT_TEAM = 5Q6N538F59;
				GENERATE_INFOPLIST_FILE = YES;
				INFOPLIST_FILE = RegionApp/Info.plist;
				INFOPLIST_KEY_UIApplicationSupportsIndirectInputEvents = YES;
				INFOPLIST_KEY_UILaunchStoryboardName = LaunchScreen;
				INFOPLIST_KEY_UISupportedInterfaceOrientations = UIInterfaceOrientationPortrait;
				INFOPLIST_KEY_UISupportedInterfaceOrientations_iPad = "UIInterfaceOrientationLandscapeLeft UIInterfaceOrientationLandscapeRight UIInterfaceOrientationPortrait UIInterfaceOrientationPortraitUpsideDown";
				IPHONEOS_DEPLOYMENT_TARGET = 15.0;
				LD_RUNPATH_SEARCH_PATHS = (
					"$(inherited)",
					"@executable_path/Frameworks",
				);
				MARKETING_VERSION = 1.0;
				PRODUCT_BUNDLE_IDENTIFIER = nikita.RegionApp;
				PRODUCT_NAME = "$(TARGET_NAME)";
				SWIFT_EMIT_LOC_STRINGS = YES;
				SWIFT_VERSION = 5.0;
				TARGETED_DEVICE_FAMILY = "1,2";
			};
			name = Release;
		};
/* End XCBuildConfiguration section */

/* Begin XCConfigurationList section */
		825C70652A93BF6B00F17A7C /* Build configuration list for PBXProject "RegionApp" */ = {
			isa = XCConfigurationList;
			buildConfigurations = (
				825C707C2A93BF6E00F17A7C /* Debug */,
				825C707D2A93BF6E00F17A7C /* Release */,
			);
			defaultConfigurationIsVisible = 0;
			defaultConfigurationName = Release;
		};
		825C707E2A93BF6E00F17A7C /* Build configuration list for PBXNativeTarget "RegionApp" */ = {
			isa = XCConfigurationList;
			buildConfigurations = (
				825C707F2A93BF6E00F17A7C /* Debug */,
				825C70802A93BF6E00F17A7C /* Release */,
			);
			defaultConfigurationIsVisible = 0;
			defaultConfigurationName = Release;
		};
/* End XCConfigurationList section */
	};
	rootObject = 825C70622A93BF6B00F17A7C /* Project object */;
}
